
Microsoft Visual Studio Solution File, Format Version 12.00
# Visual Studio Version 16
VisualStudioVersion = 16.0.33130.400
MinimumVisualStudioVersion = 10.0.40219.1
Project("{FAE04EC0-301F-11D3-BF4B-00C04F79EFBC}") = "portfolio", "portfolio\portfolio.csproj", "{7C61C97C-81F0-4079-9CEA-01DF207DEFAF}"
EndProject
Global
	GlobalSection(SolutionConfigurationPlatforms) = preSolution
		Debug|Any CPU = Debug|Any CPU
		Release|Any CPU = Release|Any CPU
	EndGlobalSection
	GlobalSection(ProjectConfigurationPlatforms) = postSolution
		{7C61C97C-81F0-4079-9CEA-01DF207DEFAF}.Debug|Any CPU.ActiveCfg = Debug|Any CPU
		{7C61C97C-81F0-4079-9CEA-01DF207DEFAF}.Debug|Any CPU.Build.0 = Debug|Any CPU
		{7C61C97C-81F0-4079-9CEA-01DF207DEFAF}.Release|Any CPU.ActiveCfg = Release|Any CPU
		{7C61C97C-81F0-4079-9CEA-01DF207DEFAF}.Release|Any CPU.Build.0 = Release|Any CPU
	EndGlobalSection
	GlobalSection(SolutionProperties) = preSolution
		HideSolutionNode = FALSE
	EndGlobalSection
	GlobalSection(ExtensibilityGlobals) = postSolution
		SolutionGuid = {97B873FA-8933-4DAC-8841-2D7C95C3C97B}
	EndGlobalSection
EndGlobal
